
Microsoft Visual Studio Solution File, Format Version 12.00
# Visual Studio Version 17
VisualStudioVersion = 17.11.35219.272
MinimumVisualStudioVersion = 10.0.40219.1
Project("{9A19103F-16F7-4668-BE54-9A1E7A4F7556}") = "Common", "Common\Common.csproj", "{C5509D7E-9F69-4072-8FCA-B3D5B3D8F208}"
EndProject
Project("{FAE04EC0-301F-11D3-BF4B-00C04F79EFBC}") = "UtilityTool.Test", "UtilityTool.Test\UtilityTool.Test.csproj", "{E8B4E78A-C38E-4BCD-91FE-DFEED6C6C171}"
EndProject
Project("{2150E333-8FDC-42A3-9474-1A3956D46DE8}") = "Solution Items", "Solution Items", "{DB860D81-49E1-4535-AB34-CF50B939E027}"
	ProjectSection(SolutionItems) = preProject
		.gitignore = .gitignore
	EndProjectSection
EndProject
Global
	GlobalSection(SolutionConfigurationPlatforms) = preSolution
		Debug|Any CPU = Debug|Any CPU
		Release|Any CPU = Release|Any CPU
	EndGlobalSection
	GlobalSection(ProjectConfigurationPlatforms) = postSolution
		{C5509D7E-9F69-4072-8FCA-B3D5B3D8F208}.Debug|Any CPU.ActiveCfg = Debug|Any CPU
		{C5509D7E-9F69-4072-8FCA-B3D5B3D8F208}.Debug|Any CPU.Build.0 = Debug|Any CPU
		{C5509D7E-9F69-4072-8FCA-B3D5B3D8F208}.Release|Any CPU.ActiveCfg = Release|Any CPU
		{C5509D7E-9F69-4072-8FCA-B3D5B3D8F208}.Release|Any CPU.Build.0 = Release|Any CPU
		{E8B4E78A-C38E-4BCD-91FE-DFEED6C6C171}.Debug|Any CPU.ActiveCfg = Debug|Any CPU
		{E8B4E78A-C38E-4BCD-91FE-DFEED6C6C171}.Debug|Any CPU.Build.0 = Debug|Any CPU
		{E8B4E78A-C38E-4BCD-91FE-DFEED6C6C171}.Release|Any CPU.ActiveCfg = Release|Any CPU
		{E8B4E78A-C38E-4BCD-91FE-DFEED6C6C171}.Release|Any CPU.Build.0 = Release|Any CPU
	EndGlobalSection
	GlobalSection(SolutionProperties) = preSolution
		HideSolutionNode = FALSE
	EndGlobalSection
	GlobalSection(ExtensibilityGlobals) = postSolution
		SolutionGuid = {7C67B62F-8C56-4BC5-B5A2-73A069D3C3C5}
	EndGlobalSection
EndGlobal
